
Microsoft Visual Studio Solution File, Format Version 12.00
# Visual Studio Version 16
VisualStudioVersion = 16.0.30804.86
MinimumVisualStudioVersion = 10.0.40219.1
Project("{FAE04EC0-301F-11D3-BF4B-00C04F79EFBC}") = "MultiLanguageOmni", "MultiLanguageOmni\MultiLanguageOmni.csproj", "{D2BAA9B0-49F5-45A7-A656-C76C8A123DF5}"
EndProject
Global
	GlobalSection(SolutionConfigurationPlatforms) = preSolution
		Debug|Any CPU = Debug|Any CPU
		Release|Any CPU = Release|Any CPU
	EndGlobalSection
	GlobalSection(ProjectConfigurationPlatforms) = postSolution
		{D2BAA9B0-49F5-45A7-A656-C76C8A123DF5}.Debug|Any CPU.ActiveCfg = Debug|Any CPU
		{D2BAA9B0-49F5-45A7-A656-C76C8A123DF5}.Debug|Any CPU.Build.0 = Debug|Any CPU
		{D2BAA9B0-49F5-45A7-A656-C76C8A123DF5}.Release|Any CPU.ActiveCfg = Release|Any CPU
		{D2BAA9B0-49F5-45A7-A656-C76C8A123DF5}.Release|Any CPU.Build.0 = Release|Any CPU
	EndGlobalSection
	GlobalSection(SolutionProperties) = preSolution
		HideSolutionNode = FALSE
	EndGlobalSection
	GlobalSection(ExtensibilityGlobals) = postSolution
		SolutionGuid = {DB9948B9-9C65-4829-9545-64AEF32C75C1}
	EndGlobalSection
EndGlobal
